{
  "skills": {
    "skill:react-email": {
      "name": "react-email",
      "url": "https://github.com/resend/react-email.git",
      "branch": "main",
      "commit": "b4a91a67313d73668efbdf005a276cb240d2dc78"
    },
    "skill:skill-creator": {
      "name": "skill-creator",
      "url": "https://github.com/openai/skills.git",
      "branch": "main",
      "commit": "0ed2046f287a92b5f4bcace213dcb3cc5f094cb9"
    },
    "skill:agentmail-cli": {
      "name": "agentmail-cli",
      "url": "https://github.com/agentmail-to/agentmail-skills.git",
      "branch": "main",
      "commit": "91672dec153f59e4c30c9a5cc21cb9fd4128e169"
    },
    "skill:better-result-adopt": {
      "name": "better-result-adopt",
      "url": "https://github.com/dmmulroy/better-result.git",
      "branch": "main",
      "commit": "b3a4a2a087d4fcc13eb1432eeefc6999e2b8adc6"
    },
    "skill:better-result-migrate-v2": {
      "name": "better-result-migrate-v2",
      "url": "https://github.com/dmmulroy/better-result.git",
      "branch": "main",
      "commit": "b3a4a2a087d4fcc13eb1432eeefc6999e2b8adc6"
    }
  }
}